
Microsoft Visual Studio Solution File, Format Version 12.00
# Visual Studio Version 16
VisualStudioVersion = 16.0.30317.65
MinimumVisualStudioVersion = 10.0.40219.1
Project("{FAE04EC0-301F-11D3-BF4B-00C04F79EFBC}") = "CustomItemSpawns", "Custom Item Spawns\CustomItemSpawns.csproj", "{5960644C-757A-4390-98A4-04423178402D}"
EndProject
Global
	GlobalSection(SolutionConfigurationPlatforms) = preSolution
		Debug|Any CPU = Debug|Any CPU
		Release|Any CPU = Release|Any CPU
	EndGlobalSection
	GlobalSection(ProjectConfigurationPlatforms) = postSolution
		{5960644C-757A-4390-98A4-04423178402D}.Debug|Any CPU.ActiveCfg = Debug|Any CPU
		{5960644C-757A-4390-98A4-04423178402D}.Debug|Any CPU.Build.0 = Debug|Any CPU
		{5960644C-757A-4390-98A4-04423178402D}.Release|Any CPU.ActiveCfg = Release|Any CPU
		{5960644C-757A-4390-98A4-04423178402D}.Release|Any CPU.Build.0 = Release|Any CPU
	EndGlobalSection
	GlobalSection(SolutionProperties) = preSolution
		HideSolutionNode = FALSE
	EndGlobalSection
	GlobalSection(ExtensibilityGlobals) = postSolution
		SolutionGuid = {F2350A11-E5EA-4597-9987-CF93C11B0239}
	EndGlobalSection
EndGlobal
